<?xml version="1.0" encoding="utf-8"?>
<Project ToolsVersion="4.0" xmlns="http://schemas.microsoft.com/developer/msbuild/2003">
  <ItemGroup>
    <Filter Include="Source Files">
      <UniqueIdentifier>{4FC737F1-C7A5-4376-A066-2A32D752A2FF}</UniqueIdentifier>
      <Extensions>cpp;c;cc;cxx;def;odl;idl;hpj;bat;asm;asmx</Extensions>
    </Filter>
    <Filter Include="Resource Files">
      <UniqueIdentifier>{67DA6AB6-F800-4c08-8B7A-83BB121AAD01}</UniqueIdentifier>
      <Extensions>rc;ico;cur;bmp;dlg;rc2;rct;bin;rgs;gif;jpg;jpeg;jpe;resx;tiff;tif;png;wav;mfcribbon-ms</Extensions>
    </Filter>
    <Filter Include="Frame Rate Controller">
      <UniqueIdentifier>{b917f644-ce58-4569-9d1a-943e2c8f1989}</UniqueIdentifier>
    </Filter>
    <Filter Include="Systems">
      <UniqueIdentifier>{ebeb2066-502c-412b-b210-1796c09f3153}</UniqueIdentifier>
    </Filter>
    <Filter Include="Systems\WindowsSystem">
      <UniqueIdentifier>{4edf8eaa-d0fb-496d-ab91-c7e40ec1781f}</UniqueIdentifier>
    </Filter>
    <Filter Include="Systems\SoundSystem">
      <UniqueIdentifier>{ae2d0950-2793-463e-84ea-f349d4515137}</UniqueIdentifier>
    </Filter>
    <Filter Include="Systems\MathLibrary">
      <UniqueIdentifier>{e7c086ad-0274-4a09-99de-fdfaf997abf7}</UniqueIdentifier>
    </Filter>
    <Filter Include="Systems\Scene/State Manager">
      <UniqueIdentifier>{373b97f9-2631-450f-9e11-921086ea301e}</UniqueIdentifier>
    </Filter>
    <Filter Include="Systems\Scene/State Manager\Test States">
      <UniqueIdentifier>{c3996147-acc3-4e82-ac35-cade7a0fa0f5}</UniqueIdentifier>
    </Filter>
    <Filter Include="Systems\Physics">
      <UniqueIdentifier>{8bfe5313-3d35-4544-88d1-53b25f7cd9a6}</UniqueIdentifier>
    </Filter>
    <Filter Include="Systems\Core">
      <UniqueIdentifier>{0422d752-aac9-46b9-8a1b-4ea081b650c2}</UniqueIdentifier>
    </Filter>
    <Filter Include="Systems\Factory">
      <UniqueIdentifier>{48a4eeb7-c078-4578-8005-a15ffb227bfb}</UniqueIdentifier>
    </Filter>
    <Filter Include="Entity">
      <UniqueIdentifier>{0f0220e6-435f-45d8-8965-60cf6cd58d09}</UniqueIdentifier>
    </Filter>
    <Filter Include="Entity\Components">
      <UniqueIdentifier>{e12860c8-b7b0-49bb-b4b2-fe8b708773e5}</UniqueIdentifier>
    </Filter>
    <Filter Include="Entity\Components\Transform">
      <UniqueIdentifier>{46f7e6dc-9f82-445e-a3fb-ed4b3117b2c8}</UniqueIdentifier>
    </Filter>
    <Filter Include="Entity\Components\Health">
      <UniqueIdentifier>{721822b5-cbf6-4246-9942-01a6f7700383}</UniqueIdentifier>
    </Filter>
    <Filter Include="Entity\Components\Motion">
      <UniqueIdentifier>{832fa90d-4ec8-4d4c-b324-8e85dc3f2d9c}</UniqueIdentifier>
    </Filter>
    <Filter Include="Entity\Components\AABB">
      <UniqueIdentifier>{ab805f28-9fff-4501-bef2-aac489818424}</UniqueIdentifier>
    </Filter>
    <Filter Include="Entity\Components\Scale">
      <UniqueIdentifier>{a0305a14-e414-44b9-82d6-e4d832f7ecb8}</UniqueIdentifier>
    </Filter>
    <Filter Include="Entity\Components\Attack">
      <UniqueIdentifier>{ab8a7ae1-d46d-4249-9501-0f4c49277a23}</UniqueIdentifier>
    </Filter>
    <Filter Include="Entity\Components\Status">
      <UniqueIdentifier>{d0c27e9d-4b52-4c3c-b430-9f9ffdcd2482}</UniqueIdentifier>
    </Filter>
    <Filter Include="Systems\Collision">
      <UniqueIdentifier>{19101f32-42f1-4f6d-8c46-edb6992fd8fb}</UniqueIdentifier>
    </Filter>
    <Filter Include="Entity\Components\Renderer">
      <UniqueIdentifier>{fd8cfe5a-21e7-439d-b956-6bd0eb723a80}</UniqueIdentifier>
    </Filter>
    <Filter Include="Systems\Debug">
      <UniqueIdentifier>{87f1006f-464f-417c-8f6b-c27ec92c99df}</UniqueIdentifier>
    </Filter>
    <Filter Include="ResourceManagers">
      <UniqueIdentifier>{d2a4b4ba-d708-4233-b19e-ad1ce1c39e11}</UniqueIdentifier>
    </Filter>
    <Filter Include="Entity\Components\Light">
      <UniqueIdentifier>{261a65d9-ccc8-4ba7-acff-9ec39af64592}</UniqueIdentifier>
    </Filter>
    <Filter Include="Entity\Components\BasicAI">
      <UniqueIdentifier>{d056378e-3b1f-41ed-9970-839f1ea52ad4}</UniqueIdentifier>
    </Filter>
    <Filter Include="Entity\Components\Name">
      <UniqueIdentifier>{cab58183-94ef-4e7e-8315-068c5d5c3188}</UniqueIdentifier>
    </Filter>
    <Filter Include="Entity\Components\Clickable">
      <UniqueIdentifier>{f7a423a9-55e2-4154-a544-d78ac838822f}</UniqueIdentifier>
    </Filter>
    <Filter Include="Entity\Components\InputController">
      <UniqueIdentifier>{8bdad12a-98c2-4e3d-9596-0c974f1871ff}</UniqueIdentifier>
    </Filter>
    <Filter Include="Entity\Components\AI">
      <UniqueIdentifier>{dba3004f-40e2-4f88-b68e-45f02c9ed111}</UniqueIdentifier>
    </Filter>
    <Filter Include="Systems\Logic">
      <UniqueIdentifier>{59021681-0e82-45bf-a3be-55b191505591}</UniqueIdentifier>
    </Filter>
    <Filter Include="Systems\CameraSystem">
      <UniqueIdentifier>{11c7abbd-1499-49b7-93b2-0987a0f928f2}</UniqueIdentifier>
    </Filter>
    <Filter Include="Entity\Components\Camera">
      <UniqueIdentifier>{b9c2163f-abb5-415a-b632-29bf7ab70408}</UniqueIdentifier>
    </Filter>
    <Filter Include="Entity\Components\AI">
      <UniqueIdentifier>{3aac60a3-9e01-4157-b72a-d9becdef3061}</UniqueIdentifier>
    </Filter>
    <Filter Include="Systems\Scene/State Manager\LevelsStruct">
      <UniqueIdentifier>{90bbdea2-7772-488b-bc43-21d2159493be}</UniqueIdentifier>
    </Filter>
    <Filter Include="Scripts">
      <UniqueIdentifier>{3a370a19-bd15-46bf-9e16-47cd2fc58c7e}</UniqueIdentifier>
    </Filter>
    <Filter Include="Scripts\GeneralScripts">
      <UniqueIdentifier>{b17d9952-c5a1-4d6f-b24a-f1e38ab77227}</UniqueIdentifier>
    </Filter>
    <Filter Include="Scripts\StagBeetle">
      <UniqueIdentifier>{ac0efd70-6e2e-4b50-a1bb-d65ff6b14e23}</UniqueIdentifier>
    </Filter>
    <Filter Include="Scripts\Mite">
      <UniqueIdentifier>{14dd206c-213e-4e65-becd-ecf60de6f434}</UniqueIdentifier>
    </Filter>
    <Filter Include="Scripts\Hornet">
      <UniqueIdentifier>{d4eeee00-a8bd-4393-9642-bb99abfccc74}</UniqueIdentifier>
    </Filter>
    <Filter Include="Systems\Lighting System">
      <UniqueIdentifier>{49e006f8-c914-4a2b-8cf1-32fe29d17c71}</UniqueIdentifier>
    </Filter>
    <Filter Include="Systems\Input System">
      <UniqueIdentifier>{e34f2000-4d88-49ed-86d2-3f2dfcaf1f87}</UniqueIdentifier>
    </Filter>
    <Filter Include="Systems\Imgui System">
      <UniqueIdentifier>{8b0c5799-936b-431d-8470-034f324d4ffb}</UniqueIdentifier>
    </Filter>
    <Filter Include="Systems\Imgui System\ImguiFiles">
      <UniqueIdentifier>{dcd95455-fba2-4267-93a7-83e2ff3ac8b9}</UniqueIdentifier>
    </Filter>
    <Filter Include="Systems\Imgui System\ImguiWindows">
      <UniqueIdentifier>{f6f019ce-bee4-46e8-9d65-5a5ea603ddfb}</UniqueIdentifier>
    </Filter>
    <Filter Include="Systems\Graphics System">
      <UniqueIdentifier>{707765b0-cef9-4294-91e4-211866991ae3}</UniqueIdentifier>
    </Filter>
    <Filter Include="Systems\AMap System">
      <UniqueIdentifier>{4274bd2b-3520-415f-947c-ad585244f534}</UniqueIdentifier>
    </Filter>
  </ItemGroup>
  <ItemGroup>
    <ClCompile Include="Source\Components\AABB.cpp">
      <Filter>Entity\Components\AABB</Filter>
    </ClCompile>
    <ClCompile Include="Source\Components\Attack.cpp">
      <Filter>Entity\Components\Attack</Filter>
    </ClCompile>
    <ClCompile Include="Source\Components\Health.cpp">
      <Filter>Entity\Components\Health</Filter>
    </ClCompile>
    <ClCompile Include="Source\Components\Motion.cpp">
      <Filter>Entity\Components\Motion</Filter>
    </ClCompile>
    <ClCompile Include="Source\Components\AnimationRenderer.cpp">
      <Filter>Entity\Components\Renderer</Filter>
    </ClCompile>
    <ClCompile Include="Source\Components\Scale.cpp">
      <Filter>Entity\Components\Scale</Filter>
    </ClCompile>
    <ClCompile Include="Source\Components\Status.cpp">
      <Filter>Entity\Components\Status</Filter>
    </ClCompile>
    <ClCompile Include="Source\Components\Transform.cpp">
      <Filter>Entity\Components\Transform</Filter>
    </ClCompile>
    <ClCompile Include="Source\Entity\Entity.cpp">
      <Filter>Entity</Filter>
    </ClCompile>
    <ClCompile Include="Source\Systems\Factory.cpp">
      <Filter>Systems\Factory</Filter>
    </ClCompile>
    <ClCompile Include="Source\Systems\GraphicsSystem.cpp">
      <Filter>Systems\Graphics System</Filter>
    </ClCompile>
    <ClCompile Include="Source\Systems\InputSystem.cpp">
      <Filter>Systems\Input System</Filter>
    </ClCompile>
    <ClCompile Include="Source\Systems\Physics.cpp">
      <Filter>Systems\Physics</Filter>
    </ClCompile>
    <ClCompile Include="Source\Systems\Game.cpp">
      <Filter>Systems\Scene/State Manager</Filter>
    </ClCompile>
    <ClCompile Include="Source\Systems\SoundSystem.cpp">
      <Filter>Systems\SoundSystem</Filter>
    </ClCompile>
    <ClCompile Include="Source\Engine\Core.cpp">
      <Filter>Systems\Core</Filter>
    </ClCompile>
    <ClCompile Include="Source\Systems\WindowsSystem.cpp">
      <Filter>Systems\WindowsSystem</Filter>
    </ClCompile>
    <ClCompile Include="Source\GameStates\PlayState.cpp">
      <Filter>Systems\Scene/State Manager\Test States</Filter>
    </ClCompile>
    <ClCompile Include="Source\Manager\AnimationManager.cpp">
      <Filter>ResourceManagers</Filter>
    </ClCompile>
    <ClCompile Include="Source\Manager\ModelManager.cpp">
      <Filter>ResourceManagers</Filter>
    </ClCompile>
    <ClCompile Include="Source\Manager\TextureManager.cpp">
      <Filter>ResourceManagers</Filter>
    </ClCompile>
    <ClCompile Include="Source\MathLib\Matrix3x3.cpp">
      <Filter>Systems\MathLibrary</Filter>
    </ClCompile>
    <ClCompile Include="Source\MathLib\Vector2D.cpp">
      <Filter>Systems\MathLibrary</Filter>
    </ClCompile>
    <ClCompile Include="Source\Systems\FrameRateController.cpp">
      <Filter>Frame Rate Controller</Filter>
    </ClCompile>
    <ClCompile Include="Source\Systems\Message.cpp">
      <Filter>Systems</Filter>
    </ClCompile>
    <ClCompile Include="Source\Source.cpp">
      <Filter>Source Files</Filter>
    </ClCompile>
    <ClCompile Include="Source\Manager\ShaderManager.cpp">
      <Filter>ResourceManagers</Filter>
    </ClCompile>
    <ClCompile Include="Source\Systems\Debug.cpp">
      <Filter>Systems\Debug</Filter>
    </ClCompile>
    <ClCompile Include="Source\Components\PointLight.cpp">
      <Filter>Entity\Components\Light</Filter>
    </ClCompile>
    <ClCompile Include="Source\Components\BasicAI.cpp">
      <Filter>Entity\Components\BasicAI</Filter>
    </ClCompile>
    <ClCompile Include="Source\Components\TextureRenderer.cpp">
      <Filter>Entity\Components\Renderer</Filter>
    </ClCompile>
    <ClCompile Include="Source\Components\Name.cpp">
      <Filter>Entity\Components\Name</Filter>
    </ClCompile>
    <ClCompile Include="Source\Components\Clickable.cpp">
      <Filter>Entity\Components\Clickable</Filter>
    </ClCompile>
    <ClCompile Include="Include\Imgui\imgui.cpp">
      <Filter>Systems\Imgui System\ImguiFiles</Filter>
    </ClCompile>
    <ClCompile Include="Include\Imgui\imgui_demo.cpp">
      <Filter>Systems\Imgui System\ImguiFiles</Filter>
    </ClCompile>
    <ClCompile Include="Include\Imgui\imgui_draw.cpp">
      <Filter>Systems\Imgui System\ImguiFiles</Filter>
    </ClCompile>
    <ClCompile Include="Include\Imgui\imgui_impl_glfw.cpp">
      <Filter>Systems\Imgui System\ImguiFiles</Filter>
    </ClCompile>
    <ClCompile Include="Include\Imgui\imgui_impl_opengl3.cpp">
      <Filter>Systems\Imgui System\ImguiFiles</Filter>
    </ClCompile>
    <ClCompile Include="Include\Imgui\imgui_widgets.cpp">
      <Filter>Systems\Imgui System\ImguiFiles</Filter>
    </ClCompile>
    <ClCompile Include="Source\Systems\ImguiSystem.cpp">
      <Filter>Systems\Imgui System</Filter>
    </ClCompile>
    <ClCompile Include="Source\Manager\ForcesManager.cpp">
      <Filter>ResourceManagers</Filter>
    </ClCompile>
    <ClCompile Include="Source\Manager\FontManager.cpp">
      <Filter>ResourceManagers</Filter>
    </ClCompile>
    <ClCompile Include="Source\Components\InputController.cpp">
      <Filter>Entity\Components\InputController</Filter>
    </ClCompile>
    <ClCompile Include="Source\Components\AI.cpp">
      <Filter>Entity\Components\AI</Filter>
    </ClCompile>
    <ClCompile Include="Source\Systems\LogicSystem.cpp">
      <Filter>Systems\Logic</Filter>
    </ClCompile>
    <ClCompile Include="Source\Systems\LightingSystem.cpp">
      <Filter>Systems\Lighting System</Filter>
    </ClCompile>
    <ClCompile Include="Source\Components\TextRenderer.cpp">
      <Filter>Entity\Components\Renderer</Filter>
    </ClCompile>
    <ClCompile Include="Source\Systems\CameraSystem.cpp">
      <Filter>Systems\CameraSystem</Filter>
    </ClCompile>
    <ClCompile Include="Source\Components\Camera.cpp">
      <Filter>Entity\Components\Camera</Filter>
    </ClCompile>
    <ClCompile Include="Source\Systems\Collision.cpp">
      <Filter>Systems\Collision</Filter>
    </ClCompile>
    <ClCompile Include="Source\Systems\LogicSystem.cpp">
      <Filter>Systems\LogicSystem</Filter>
    </ClCompile>
    <ClCompile Include="Source\Components\AI.cpp">
      <Filter>Entity\Components\AI</Filter>
    </ClCompile>
    <ClCompile Include="Source\GameStates\Levels.cpp">
      <Filter>Systems\Scene/State Manager\LevelsStruct</Filter>
    </ClCompile>
    <ClCompile Include="Source\GameStates\MenuState.cpp">
      <Filter>Systems\Scene/State Manager\Test States</Filter>
    </ClCompile>
    <ClCompile Include="Source\ImguiWindows\ImguiViewport.cpp">
      <Filter>Systems\Imgui System\ImguiWindows</Filter>
    </ClCompile>
    <ClCompile Include="Source\Manager\EntityManager.cpp">
      <Filter>ResourceManagers</Filter>
    </ClCompile>
    <ClCompile Include="Source\Script\GeneralScripts.cpp">
      <Filter>Scripts\GeneralScripts</Filter>
    </ClCompile>
    <ClCompile Include="Source\Script\StagScript.cpp">
      <Filter>Scripts\StagBeetle</Filter>
    </ClCompile>
    <ClCompile Include="Source\Script\HornetScript.cpp">
      <Filter>Scripts\Hornet</Filter>
    </ClCompile>
    <ClCompile Include="Source\Script\MiteScript.cpp">
      <Filter>Scripts\Mite</Filter>
    </ClCompile>
    <ClCompile Include="Source\GameStates\EditorState.cpp">
      <Filter>Systems\Scene/State Manager\Test States</Filter>
    </ClCompile>
    <ClCompile Include="Source\GameStates\WinLoseState.cpp">
      <Filter>Systems\Scene/State Manager\Test States</Filter>
    </ClCompile>
    <ClCompile Include="Source\ImguiWindows\ArchetypeWindow.cpp">
      <Filter>Systems\Imgui System\ImguiWindows</Filter>
    </ClCompile>
    <ClCompile Include="Source\ImguiWindows\EntityWindow.cpp">
      <Filter>Systems\Imgui System\ImguiWindows</Filter>
      </ClCompile>
    <ClCompile Include="Source\Manager\AMap.cpp">
      <Filter>Systems\AMap System</Filter>
    </ClCompile>
  </ItemGroup>
  <ItemGroup>
    <ClInclude Include="Include\Entity\Entity.h">
      <Filter>Entity</Filter>
    </ClInclude>
    <ClInclude Include="Include\Components\IComponent.h">
      <Filter>Entity\Components</Filter>
    </ClInclude>
    <ClInclude Include="Include\Components\AABB.h">
      <Filter>Entity\Components\AABB</Filter>
    </ClInclude>
    <ClInclude Include="Include\Components\AnimationRenderer.h">
      <Filter>Entity\Components\Renderer</Filter>
    </ClInclude>
    <ClInclude Include="Include\Components\Attack.h">
      <Filter>Entity\Components\Attack</Filter>
    </ClInclude>
    <ClInclude Include="Include\Components\Health.h">
      <Filter>Entity\Components\Health</Filter>
    </ClInclude>
    <ClInclude Include="Include\Components\Motion.h">
      <Filter>Entity\Components\Motion</Filter>
    </ClInclude>
    <ClInclude Include="Include\Components\Scale.h">
      <Filter>Entity\Components\Scale</Filter>
    </ClInclude>
    <ClInclude Include="Include\Components\Status.h">
      <Filter>Entity\Components\Status</Filter>
    </ClInclude>
    <ClInclude Include="Include\Components\Transform.h">
      <Filter>Entity\Components\Transform</Filter>
    </ClInclude>
    <ClInclude Include="Include\Engine\Core.h">
      <Filter>Systems\Core</Filter>
    </ClInclude>
    <ClInclude Include="Include\Systems\Factory.h">
      <Filter>Systems\Factory</Filter>
    </ClInclude>
    <ClInclude Include="Include\Manager\AnimationManager.h">
      <Filter>ResourceManagers</Filter>
    </ClInclude>
    <ClInclude Include="Include\Manager\ModelManager.h">
      <Filter>ResourceManagers</Filter>
    </ClInclude>
    <ClInclude Include="Include\Manager\TextureManager.h">
      <Filter>ResourceManagers</Filter>
    </ClInclude>
    <ClInclude Include="Include\Systems\GraphicsSystem.h">
      <Filter>Systems\Graphics System</Filter>
    </ClInclude>
    <ClInclude Include="Include\Systems\Game.h">
      <Filter>Systems\Scene/State Manager</Filter>
    </ClInclude>
    <ClInclude Include="Include\Systems\ISystem.h">
      <Filter>Systems</Filter>
    </ClInclude>
    <ClInclude Include="Include\Systems\Physics.h">
      <Filter>Systems\Physics</Filter>
    </ClInclude>
    <ClInclude Include="Include\Systems\SoundSystem.h">
      <Filter>Systems\SoundSystem</Filter>
    </ClInclude>
    <ClInclude Include="Include\Systems\WindowsSystem.h">
      <Filter>Systems\WindowsSystem</Filter>
    </ClInclude>
    <ClInclude Include="Include\MathLib\Matrix3x3.h">
      <Filter>Systems\MathLibrary</Filter>
    </ClInclude>
    <ClInclude Include="Include\MathLib\Vector2D.h">
      <Filter>Systems\MathLibrary</Filter>
    </ClInclude>
    <ClInclude Include="Include\GameStates\MenuState.h">
      <Filter>Systems\Scene/State Manager\Test States</Filter>
    </ClInclude>
    <ClInclude Include="Include\GameStates\PlayState.h">
      <Filter>Systems\Scene/State Manager\Test States</Filter>
    </ClInclude>
    <ClInclude Include="Include\GameStates\GameState.h">
      <Filter>Systems\Scene/State Manager</Filter>
    </ClInclude>
    <ClInclude Include="Include\Entity\ComponentTypes.h">
      <Filter>Entity\Components</Filter>
    </ClInclude>
    <ClInclude Include="Include\Entity\ComponentCreator.h">
      <Filter>Entity\Components</Filter>
    </ClInclude>
    <ClInclude Include="Include\Systems\FrameRateController.h">
      <Filter>Frame Rate Controller</Filter>
    </ClInclude>
    <ClInclude Include="Include\Systems\Message.h">
      <Filter>Systems</Filter>
    </ClInclude>
    <ClInclude Include="Source\Source.h">
      <Filter>Source Files</Filter>
    </ClInclude>
    <ClInclude Include="Include\Manager\IManager.h">
      <Filter>ResourceManagers</Filter>
    </ClInclude>
    <ClInclude Include="Include\Manager\ShaderManager.h">
      <Filter>ResourceManagers</Filter>
    </ClInclude>
    <ClInclude Include="Include\Systems\Debug.h">
      <Filter>Systems\Debug</Filter>
    </ClInclude>
    <ClInclude Include="Include\Components\PointLight.h">
      <Filter>Entity\Components\Light</Filter>
    </ClInclude>
    <ClInclude Include="Include\Components\BasicAI.h">
      <Filter>Entity\Components\BasicAI</Filter>
    </ClInclude>
    <ClInclude Include="Include\Components\TextureRenderer.h">
      <Filter>Entity\Components\Renderer</Filter>
    </ClInclude>
    <ClInclude Include="Include\Systems\InputSystem.h">
      <Filter>Systems\Input System</Filter>
    </ClInclude>
    <ClInclude Include="Include\Components\Name.h">
      <Filter>Entity\Components\Name</Filter>
    </ClInclude>
    <ClInclude Include="Include\Components\Clickable.h">
      <Filter>Entity\Components\Clickable</Filter>
    </ClInclude>
    <ClInclude Include="Include\Imgui\imconfig.h">
      <Filter>Systems\Imgui System\ImguiFiles</Filter>
    </ClInclude>
    <ClInclude Include="Include\Imgui\imgui.h">
      <Filter>Systems\Imgui System\ImguiFiles</Filter>
    </ClInclude>
    <ClInclude Include="Include\Imgui\imgui_impl_glfw.h">
      <Filter>Systems\Imgui System\ImguiFiles</Filter>
    </ClInclude>
    <ClInclude Include="Include\Imgui\imgui_impl_opengl3.h">
      <Filter>Systems\Imgui System\ImguiFiles</Filter>
    </ClInclude>
    <ClInclude Include="Include\Imgui\imgui_internal.h">
      <Filter>Systems\Imgui System\ImguiFiles</Filter>
    </ClInclude>
    <ClInclude Include="Include\Imgui\imstb_rectpack.h">
      <Filter>Systems\Imgui System\ImguiFiles</Filter>
    </ClInclude>
    <ClInclude Include="Include\Imgui\imstb_textedit.h">
      <Filter>Systems\Imgui System\ImguiFiles</Filter>
    </ClInclude>
    <ClInclude Include="Include\Imgui\imstb_truetype.h">
      <Filter>Systems\Imgui System\ImguiFiles</Filter>
    </ClInclude>
    <ClInclude Include="Include\Systems\ImguiSystem.h">
      <Filter>Systems\Imgui System</Filter>
    </ClInclude>
    <ClInclude Include="Include\Manager\ForcesManager.h">
      <Filter>ResourceManagers</Filter>
    </ClInclude>
    <ClInclude Include="Include\Manager\FontManager.h">
      <Filter>ResourceManagers</Filter>
    </ClInclude>
    <ClInclude Include="Include\Components\TextRenderer.h">
      <Filter>Entity\Components\Renderer</Filter>
    </ClInclude>
    <ClInclude Include="Include\ImguiWindows\IWindow.h">
      <Filter>Systems\Imgui System</Filter>
    </ClInclude>
    <ClInclude Include="Include\Components\InputController.h">
      <Filter>Entity\Components\InputController</Filter>
    </ClInclude>
    <ClInclude Include="Include\Components\IWorldObjectRenderer.h">
      <Filter>Entity\Components\Renderer</Filter>
    </ClInclude>
    <ClInclude Include="Include\Components\IUIObjectRenderer.h">
      <Filter>Entity\Components\Renderer</Filter>
    </ClInclude>
    <ClInclude Include="Include\Components\AI.h">
      <Filter>Entity\Components\AI</Filter>
    </ClInclude>
    <ClInclude Include="Include\Systems\LogicSystem.h">
      <Filter>Systems\Logic</Filter>
    </ClInclude>
    <ClInclude Include="Include\Systems\LightingSystem.h">
      <Filter>Systems\Lighting System</Filter>
    </ClInclude>
    <ClInclude Include="Include\Systems\CameraSystem.h">
      <Filter>Systems\CameraSystem</Filter>
    </ClInclude>
    <ClInclude Include="Include\Components\Camera.h">
      <Filter>Entity\Components\Camera</Filter>
    </ClInclude>
    <ClInclude Include="Include\Systems\Collision.h">
      <Filter>Systems\Collision</Filter>
    </ClInclude>
    <ClInclude Include="Include\Systems\LogicSystem.h">
      <Filter>Systems\LogicSystem</Filter>
    </ClInclude>
    <ClInclude Include="Include\Components\AI.h">
      <Filter>Entity\Components\AI</Filter>
    </ClInclude>
    <ClInclude Include="Include\GameStates\Levels.h">
      <Filter>Systems\Scene/State Manager\LevelsStruct</Filter>
    </ClInclude>
    <ClInclude Include="Include\ImguiWindows\ImguiViewport.h">
      <Filter>Systems\Imgui System\ImguiWindows</Filter>
    </ClInclude>
    <ClInclude Include="Include\Manager\EntityManager.h">
      <Filter>ResourceManagers</Filter>
    </ClInclude>
    <ClInclude Include="Include\Manager\ComponentManager.h">
      <Filter>ResourceManagers</Filter>
    </ClInclude>
    <ClInclude Include="Include\Script\GeneralScripts.h">
      <Filter>Scripts\GeneralScripts</Filter>
    </ClInclude>
    <ClInclude Include="Include\Script\StagScript.h">
      <Filter>Scripts\StagBeetle</Filter>
    </ClInclude>
    <ClInclude Include="Include\Script\HornetScript.h">
      <Filter>Scripts\Hornet</Filter>
    </ClInclude>
    <ClInclude Include="Include\Script\MiteScript.h">
      <Filter>Scripts\Mite</Filter>
    </ClInclude>
    <ClInclude Include="Include\Script\ScriptList.h">
      <Filter>Scripts</Filter>
    </ClInclude>
    <ClInclude Include="Include\GameStates\EditorState.h">
      <Filter>Systems\Scene/State Manager\Test States</Filter>
    </ClInclude>
    <ClInclude Include="Include\GameStates\WinLoseState.h">
      <Filter>Systems\Scene/State Manager\Test States</Filter>
    </ClInclude>
    <ClInclude Include="Include\ImguiWindows\ArchetypeWindow.h">
      <Filter>Systems\Imgui System\ImguiWindows</Filter>
    </ClInclude>
    <ClInclude Include="Include\ImguiWindows\EntityWindow.h">
      <Filter>Systems\Imgui System\ImguiWindows</Filter>
      </ClInclude>
    <ClInclude Include="Include\Manager\AMap.h">
      <Filter>Systems\AMap System</Filter>
    </ClInclude>
  </ItemGroup>
</Project>